// !$*UTF8*$!
{
	archiveVersion = 1;
	classes = {
	};
	objectVersion = 50;
	objects = {

/* Begin PBXBuildFile section */
		4A2AF5D023889BC3000A7EB6 /* AppDelegate.swift in Sources */ = {isa = PBXBuildFile; fileRef = 4A2AF5CF23889BC3000A7EB6 /* AppDelegate.swift */; };
		4A2AF5D223889BC3000A7EB6 /* PlaylistTableViewController.swift in Sources */ = {isa = PBXBuildFile; fileRef = 4A2AF5D123889BC3000A7EB6 /* PlaylistTableViewController.swift */; };
		4A2AF5D423889BC4000A7EB6 /* Assets.xcassets in Resources */ = {isa = PBXBuildFile; fileRef = 4A2AF5D323889BC4000A7EB6 /* Assets.xcassets */; };
		4A2AF5D723889BC4000A7EB6 /* Main.storyboard in Resources */ = {isa = PBXBuildFile; fileRef = 4A2AF5D523889BC4000A7EB6 /* Main.storyboard */; };
		4A2AF5E323889BC4000A7EB6 /* mpfreeTests.swift in Sources */ = {isa = PBXBuildFile; fileRef = 4A2AF5E223889BC4000A7EB6 /* mpfreeTests.swift */; };
		4A2AF5EE23889BC4000A7EB6 /* mpfreeUITests.swift in Sources */ = {isa = PBXBuildFile; fileRef = 4A2AF5ED23889BC4000A7EB6 /* mpfreeUITests.swift */; };
		4A867BA423CA211C005D88BA /* CheckboxCellView.swift in Sources */ = {isa = PBXBuildFile; fileRef = 4A867BA323CA211C005D88BA /* CheckboxCellView.swift */; };
		4AB9473923971B9200A5872A /* WindowController.swift in Sources */ = {isa = PBXBuildFile; fileRef = 4AB9473823971B9200A5872A /* WindowController.swift */; };
		4AB9473B2399A72800A5872A /* ITParsePlaylist.swift in Sources */ = {isa = PBXBuildFile; fileRef = 4AB9473A2399A72800A5872A /* ITParsePlaylist.swift */; };
		4AB9473D2399A76400A5872A /* ITParsePlaylistFolder.swift in Sources */ = {isa = PBXBuildFile; fileRef = 4AB9473C2399A76400A5872A /* ITParsePlaylistFolder.swift */; };
		4AC2969C240988D500C928E2 /* GeneralPreferenceViewController.xib in Resources */ = {isa = PBXBuildFile; fileRef = 4AC2969B240988D500C928E2 /* GeneralPreferenceViewController.xib */; };
		4AC296A024098B5800C928E2 /* Preferences.swift in Sources */ = {isa = PBXBuildFile; fileRef = 4AC2969F24098B5800C928E2 /* Preferences.swift */; };
		4AC296A224098E0A00C928E2 /* ExportingPreferenceViewController.xib in Resources */ = {isa = PBXBuildFile; fileRef = 4AC296A124098E0A00C928E2 /* ExportingPreferenceViewController.xib */; };
		4AC296A424098F4500C928E2 /* ExportingPreferenceViewController.swift in Sources */ = {isa = PBXBuildFile; fileRef = 4AC296A324098F4500C928E2 /* ExportingPreferenceViewController.swift */; };
		4AC296A624098F7B00C928E2 /* GeneralPreferenceViewController.swift in Sources */ = {isa = PBXBuildFile; fileRef = 4AC296A524098F7B00C928E2 /* GeneralPreferenceViewController.swift */; };
		4AD0F1322388AF1200F9CB75 /* ITParse.swift in Sources */ = {isa = PBXBuildFile; fileRef = 4AD0F1312388AF1200F9CB75 /* ITParse.swift */; };
		DDEECE93712E4B3B34EDF79B /* libPods-mpfree.a in Frameworks */ = {isa = PBXBuildFile; fileRef = DEABC154F308447E747081E5 /* libPods-mpfree.a */; };
/* End PBXBuildFile section */

/* Begin PBXContainerItemProxy section */
		4A2AF5DF23889BC4000A7EB6 /* PBXContainerItemProxy */ = {
			isa = PBXContainerItemProxy;
			containerPortal = 4A2AF5C423889BC3000A7EB6 /* Project object */;
			proxyType = 1;
			remoteGlobalIDString = 4A2AF5CB23889BC3000A7EB6;
			remoteInfo = mpfree;
		};
		4A2AF5EA23889BC4000A7EB6 /* PBXContainerItemProxy */ = {
			isa = PBXContainerItemProxy;
			containerPortal = 4A2AF5C423889BC3000A7EB6 /* Project object */;
			proxyType = 1;
			remoteGlobalIDString = 4A2AF5CB23889BC3000A7EB6;
			remoteInfo = mpfree;
		};
/* End PBXContainerItemProxy section */

/* Begin PBXCopyFilesBuildPhase section */
		4AB94773239AB76700A5872A /* Embed Frameworks */ = {
			isa = PBXCopyFilesBuildPhase;
			buildActionMask = 2147483647;
			dstPath = "";
			dstSubfolderSpec = 10;
			files = (
			);
			name = "Embed Frameworks";
			runOnlyForDeploymentPostprocessing = 0;
		};
/* End PBXCopyFilesBuildPhase section */

/* Begin PBXFileReference section */
		4A2AF5CC23889BC3000A7EB6 /* mpfree.app */ = {isa = PBXFileReference; explicitFileType = wrapper.application; includeInIndex = 0; path = mpfree.app; sourceTree = BUILT_PRODUCTS_DIR; };
		4A2AF5CF23889BC3000A7EB6 /* AppDelegate.swift */ = {isa = PBXFileReference; lastKnownFileType = sourcecode.swift; path = AppDelegate.swift; sourceTree = "<group>"; };
		4A2AF5D123889BC3000A7EB6 /* PlaylistTableViewController.swift */ = {isa = PBXFileReference; lastKnownFileType = sourcecode.swift; path = PlaylistTableViewController.swift; sourceTree = "<group>"; };
		4A2AF5D323889BC4000A7EB6 /* Assets.xcassets */ = {isa = PBXFileReference; lastKnownFileType = folder.assetcatalog; path = Assets.xcassets; sourceTree = "<group>"; };
		4A2AF5D623889BC4000A7EB6 /* Base */ = {isa = PBXFileReference; lastKnownFileType = file.storyboard; name = Base; path = Base.lproj/Main.storyboard; sourceTree = "<group>"; };
		4A2AF5D823889BC4000A7EB6 /* Info.plist */ = {isa = PBXFileReference; lastKnownFileType = text.plist.xml; path = Info.plist; sourceTree = "<group>"; };
		4A2AF5D923889BC4000A7EB6 /* mpfree.entitlements */ = {isa = PBXFileReference; lastKnownFileType = text.plist.entitlements; path = mpfree.entitlements; sourceTree = "<group>"; };
		4A2AF5DE23889BC4000A7EB6 /* mpfreeTests.xctest */ = {isa = PBXFileReference; explicitFileType = wrapper.cfbundle; includeInIndex = 0; path = mpfreeTests.xctest; sourceTree = BUILT_PRODUCTS_DIR; };
		4A2AF5E223889BC4000A7EB6 /* mpfreeTests.swift */ = {isa = PBXFileReference; lastKnownFileType = sourcecode.swift; path = mpfreeTests.swift; sourceTree = "<group>"; };
		4A2AF5E423889BC4000A7EB6 /* Info.plist */ = {isa = PBXFileReference; lastKnownFileType = text.plist.xml; path = Info.plist; sourceTree = "<group>"; };
		4A2AF5E923889BC4000A7EB6 /* mpfreeUITests.xctest */ = {isa = PBXFileReference; explicitFileType = wrapper.cfbundle; includeInIndex = 0; path = mpfreeUITests.xctest; sourceTree = BUILT_PRODUCTS_DIR; };
		4A2AF5ED23889BC4000A7EB6 /* mpfreeUITests.swift */ = {isa = PBXFileReference; lastKnownFileType = sourcecode.swift; path = mpfreeUITests.swift; sourceTree = "<group>"; };
		4A2AF5EF23889BC4000A7EB6 /* Info.plist */ = {isa = PBXFileReference; lastKnownFileType = text.plist.xml; path = Info.plist; sourceTree = "<group>"; };
		4A867BA323CA211C005D88BA /* CheckboxCellView.swift */ = {isa = PBXFileReference; lastKnownFileType = sourcecode.swift; path = CheckboxCellView.swift; sourceTree = "<group>"; };
		4AB9473823971B9200A5872A /* WindowController.swift */ = {isa = PBXFileReference; lastKnownFileType = sourcecode.swift; path = WindowController.swift; sourceTree = "<group>"; };
		4AB9473A2399A72800A5872A /* ITParsePlaylist.swift */ = {isa = PBXFileReference; lastKnownFileType = sourcecode.swift; path = ITParsePlaylist.swift; sourceTree = "<group>"; };
		4AB9473C2399A76400A5872A /* ITParsePlaylistFolder.swift */ = {isa = PBXFileReference; lastKnownFileType = sourcecode.swift; path = ITParsePlaylistFolder.swift; sourceTree = "<group>"; };
		4AC2969B240988D500C928E2 /* GeneralPreferenceViewController.xib */ = {isa = PBXFileReference; lastKnownFileType = file.xib; path = GeneralPreferenceViewController.xib; sourceTree = "<group>"; };
		4AC2969F24098B5800C928E2 /* Preferences.swift */ = {isa = PBXFileReference; lastKnownFileType = sourcecode.swift; path = Preferences.swift; sourceTree = "<group>"; };
		4AC296A124098E0A00C928E2 /* ExportingPreferenceViewController.xib */ = {isa = PBXFileReference; lastKnownFileType = file.xib; path = ExportingPreferenceViewController.xib; sourceTree = "<group>"; };
		4AC296A324098F4500C928E2 /* ExportingPreferenceViewController.swift */ = {isa = PBXFileReference; lastKnownFileType = sourcecode.swift; path = ExportingPreferenceViewController.swift; sourceTree = "<group>"; };
		4AC296A524098F7B00C928E2 /* GeneralPreferenceViewController.swift */ = {isa = PBXFileReference; lastKnownFileType = sourcecode.swift; path = GeneralPreferenceViewController.swift; sourceTree = "<group>"; };
		4AD0F1312388AF1200F9CB75 /* ITParse.swift */ = {isa = PBXFileReference; lastKnownFileType = sourcecode.swift; path = ITParse.swift; sourceTree = "<group>"; };
		81357C5FAA8E4B60B0C98E5A /* Pods-mpfree.release.xcconfig */ = {isa = PBXFileReference; includeInIndex = 1; lastKnownFileType = text.xcconfig; name = "Pods-mpfree.release.xcconfig"; path = "Target Support Files/Pods-mpfree/Pods-mpfree.release.xcconfig"; sourceTree = "<group>"; };
		D021FF900F60AB01E2ED8AA6 /* Pods-mpfree.debug.xcconfig */ = {isa = PBXFileReference; includeInIndex = 1; lastKnownFileType = text.xcconfig; name = "Pods-mpfree.debug.xcconfig"; path = "Target Support Files/Pods-mpfree/Pods-mpfree.debug.xcconfig"; sourceTree = "<group>"; };
		DEABC154F308447E747081E5 /* libPods-mpfree.a */ = {isa = PBXFileReference; explicitFileType = archive.ar; includeInIndex = 0; path = "libPods-mpfree.a"; sourceTree = BUILT_PRODUCTS_DIR; };
/* End PBXFileReference section */

/* Begin PBXFrameworksBuildPhase section */
		4A2AF5C923889BC3000A7EB6 /* Frameworks */ = {
			isa = PBXFrameworksBuildPhase;
			buildActionMask = 2147483647;
			files = (
				DDEECE93712E4B3B34EDF79B /* libPods-mpfree.a in Frameworks */,
			);
			runOnlyForDeploymentPostprocessing = 0;
		};
		4A2AF5DB23889BC4000A7EB6 /* Frameworks */ = {
			isa = PBXFrameworksBuildPhase;
			buildActionMask = 2147483647;
			files = (
			);
			runOnlyForDeploymentPostprocessing = 0;
		};
		4A2AF5E623889BC4000A7EB6 /* Frameworks */ = {
			isa = PBXFrameworksBuildPhase;
			buildActionMask = 2147483647;
			files = (
			);
			runOnlyForDeploymentPostprocessing = 0;
		};
/* End PBXFrameworksBuildPhase section */

/* Begin PBXGroup section */
		081E12F738DF4483308E8482 /* Pods */ = {
			isa = PBXGroup;
			children = (
				D021FF900F60AB01E2ED8AA6 /* Pods-mpfree.debug.xcconfig */,
				81357C5FAA8E4B60B0C98E5A /* Pods-mpfree.release.xcconfig */,
			);
			path = Pods;
			sourceTree = "<group>";
		};
		4A2AF5C323889BC3000A7EB6 = {
			isa = PBXGroup;
			children = (
				4A2AF5CE23889BC3000A7EB6 /* mpfree */,
				4A2AF5E123889BC4000A7EB6 /* mpfreeTests */,
				4A2AF5EC23889BC4000A7EB6 /* mpfreeUITests */,
				4A2AF5CD23889BC3000A7EB6 /* Products */,
				4AB94770239AB76700A5872A /* Frameworks */,
				081E12F738DF4483308E8482 /* Pods */,
			);
			sourceTree = "<group>";
		};
		4A2AF5CD23889BC3000A7EB6 /* Products */ = {
			isa = PBXGroup;
			children = (
				4A2AF5CC23889BC3000A7EB6 /* mpfree.app */,
				4A2AF5DE23889BC4000A7EB6 /* mpfreeTests.xctest */,
				4A2AF5E923889BC4000A7EB6 /* mpfreeUITests.xctest */,
			);
			name = Products;
			sourceTree = "<group>";
		};
		4A2AF5CE23889BC3000A7EB6 /* mpfree */ = {
			isa = PBXGroup;
			children = (
				4AC296A7240990C400C928E2 /* Model */,
				4AB9473F2399A7F100A5872A /* UI */,
				4A2AF5CF23889BC3000A7EB6 /* AppDelegate.swift */,
				4A2AF5D323889BC4000A7EB6 /* Assets.xcassets */,
				4A2AF5D823889BC4000A7EB6 /* Info.plist */,
				4A2AF5D923889BC4000A7EB6 /* mpfree.entitlements */,
			);
			path = mpfree;
			sourceTree = "<group>";
		};
		4A2AF5E123889BC4000A7EB6 /* mpfreeTests */ = {
			isa = PBXGroup;
			children = (
				4A2AF5E223889BC4000A7EB6 /* mpfreeTests.swift */,
				4A2AF5E423889BC4000A7EB6 /* Info.plist */,
			);
			path = mpfreeTests;
			sourceTree = "<group>";
		};
		4A2AF5EC23889BC4000A7EB6 /* mpfreeUITests */ = {
			isa = PBXGroup;
			children = (
				4A2AF5ED23889BC4000A7EB6 /* mpfreeUITests.swift */,
				4A2AF5EF23889BC4000A7EB6 /* Info.plist */,
			);
			path = mpfreeUITests;
			sourceTree = "<group>";
		};
		4AB9473E2399A7DD00A5872A /* ITParse */ = {
			isa = PBXGroup;
			children = (
				4AD0F1312388AF1200F9CB75 /* ITParse.swift */,
				4AB9473C2399A76400A5872A /* ITParsePlaylistFolder.swift */,
				4AB9473A2399A72800A5872A /* ITParsePlaylist.swift */,
			);
			path = ITParse;
			sourceTree = "<group>";
		};
		4AB9473F2399A7F100A5872A /* UI */ = {
			isa = PBXGroup;
			children = (
				4A2AF5D523889BC4000A7EB6 /* Main.storyboard */,
				4AB9473823971B9200A5872A /* WindowController.swift */,
				4AC25508240977CD00D37417 /* Preferences */,
				4AC255072409728600D37417 /* Export */,
			);
			path = UI;
			sourceTree = "<group>";
		};
		4AB94770239AB76700A5872A /* Frameworks */ = {
			isa = PBXGroup;
			children = (
				DEABC154F308447E747081E5 /* libPods-mpfree.a */,
			);
			name = Frameworks;
			sourceTree = "<group>";
		};
		4AC255072409728600D37417 /* Export */ = {
			isa = PBXGroup;
			children = (
				4A2AF5D123889BC3000A7EB6 /* PlaylistTableViewController.swift */,
				4A867BA323CA211C005D88BA /* CheckboxCellView.swift */,
			);
			path = Export;
			sourceTree = "<group>";
		};
		4AC25508240977CD00D37417 /* Preferences */ = {
			isa = PBXGroup;
			children = (
				4AC2969B240988D500C928E2 /* GeneralPreferenceViewController.xib */,
				4AC296A124098E0A00C928E2 /* ExportingPreferenceViewController.xib */,
				4AC2969F24098B5800C928E2 /* Preferences.swift */,
				4AC296A324098F4500C928E2 /* ExportingPreferenceViewController.swift */,
				4AC296A524098F7B00C928E2 /* GeneralPreferenceViewController.swift */,
			);
			path = Preferences;
			sourceTree = "<group>";
		};
		4AC296A7240990C400C928E2 /* Model */ = {
			isa = PBXGroup;
			children = (
				4AB9473E2399A7DD00A5872A /* ITParse */,
			);
			path = Model;
			sourceTree = "<group>";
		};
/* End PBXGroup section */

/* Begin PBXNativeTarget section */
		4A2AF5CB23889BC3000A7EB6 /* mpfree */ = {
			isa = PBXNativeTarget;
			buildConfigurationList = 4A2AF5F223889BC4000A7EB6 /* Build configuration list for PBXNativeTarget "mpfree" */;
			buildPhases = (
				241FE6EB09500C90DFD64743 /* [CP] Check Pods Manifest.lock */,
				4A2AF5C823889BC3000A7EB6 /* Sources */,
				4A2AF5C923889BC3000A7EB6 /* Frameworks */,
				4A2AF5CA23889BC3000A7EB6 /* Resources */,
				4AB94773239AB76700A5872A /* Embed Frameworks */,
			);
			buildRules = (
			);
			dependencies = (
			);
			name = mpfree;
			productName = mpfree;
			productReference = 4A2AF5CC23889BC3000A7EB6 /* mpfree.app */;
			productType = "com.apple.product-type.application";
		};
		4A2AF5DD23889BC4000A7EB6 /* mpfreeTests */ = {
			isa = PBXNativeTarget;
			buildConfigurationList = 4A2AF5F523889BC4000A7EB6 /* Build configuration list for PBXNativeTarget "mpfreeTests" */;
			buildPhases = (
				4A2AF5DA23889BC4000A7EB6 /* Sources */,
				4A2AF5DB23889BC4000A7EB6 /* Frameworks */,
				4A2AF5DC23889BC4000A7EB6 /* Resources */,
			);
			buildRules = (
			);
			dependencies = (
				4A2AF5E023889BC4000A7EB6 /* PBXTargetDependency */,
			);
			name = mpfreeTests;
			productName = mpfreeTests;
			productReference = 4A2AF5DE23889BC4000A7EB6 /* mpfreeTests.xctest */;
			productType = "com.apple.product-type.bundle.unit-test";
		};
		4A2AF5E823889BC4000A7EB6 /* mpfreeUITests */ = {
			isa = PBXNativeTarget;
			buildConfigurationList = 4A2AF5F823889BC4000A7EB6 /* Build configuration list for PBXNativeTarget "mpfreeUITests" */;
			buildPhases = (
				4A2AF5E523889BC4000A7EB6 /* Sources */,
				4A2AF5E623889BC4000A7EB6 /* Frameworks */,
				4A2AF5E723889BC4000A7EB6 /* Resources */,
			);
			buildRules = (
			);
			dependencies = (
				4A2AF5EB23889BC4000A7EB6 /* PBXTargetDependency */,
			);
			name = mpfreeUITests;
			productName = mpfreeUITests;
			productReference = 4A2AF5E923889BC4000A7EB6 /* mpfreeUITests.xctest */;
			productType = "com.apple.product-type.bundle.ui-testing";
		};
/* End PBXNativeTarget section */

/* Begin PBXProject section */
		4A2AF5C423889BC3000A7EB6 /* Project object */ = {
			isa = PBXProject;
			attributes = {
				LastSwiftUpdateCheck = 1120;
				LastUpgradeCheck = 1130;
				ORGANIZATIONNAME = "Harry Clegg";
				TargetAttributes = {
					4A2AF5CB23889BC3000A7EB6 = {
						CreatedOnToolsVersion = 11.2.1;
					};
					4A2AF5DD23889BC4000A7EB6 = {
						CreatedOnToolsVersion = 11.2.1;
						TestTargetID = 4A2AF5CB23889BC3000A7EB6;
					};
					4A2AF5E823889BC4000A7EB6 = {
						CreatedOnToolsVersion = 11.2.1;
						TestTargetID = 4A2AF5CB23889BC3000A7EB6;
					};
				};
			};
			buildConfigurationList = 4A2AF5C723889BC3000A7EB6 /* Build configuration list for PBXProject "mpfree" */;
			compatibilityVersion = "Xcode 9.3";
			developmentRegion = en;
			hasScannedForEncodings = 0;
			knownRegions = (
				en,
				Base,
			);
			mainGroup = 4A2AF5C323889BC3000A7EB6;
			productRefGroup = 4A2AF5CD23889BC3000A7EB6 /* Products */;
			projectDirPath = "";
			projectRoot = "";
			targets = (
				4A2AF5CB23889BC3000A7EB6 /* mpfree */,
				4A2AF5DD23889BC4000A7EB6 /* mpfreeTests */,
				4A2AF5E823889BC4000A7EB6 /* mpfreeUITests */,
			);
		};
/* End PBXProject section */

/* Begin PBXResourcesBuildPhase section */
		4A2AF5CA23889BC3000A7EB6 /* Resources */ = {
			isa = PBXResourcesBuildPhase;
			buildActionMask = 2147483647;
			files = (
				4AC2969C240988D500C928E2 /* GeneralPreferenceViewController.xib in Resources */,
				4A2AF5D423889BC4000A7EB6 /* Assets.xcassets in Resources */,
				4A2AF5D723889BC4000A7EB6 /* Main.storyboard in Resources */,
				4AC296A224098E0A00C928E2 /* ExportingPreferenceViewController.xib in Resources */,
			);
			runOnlyForDeploymentPostprocessing = 0;
		};
		4A2AF5DC23889BC4000A7EB6 /* Resources */ = {
			isa = PBXResourcesBuildPhase;
			buildActionMask = 2147483647;
			files = (
			);
			runOnlyForDeploymentPostprocessing = 0;
		};
		4A2AF5E723889BC4000A7EB6 /* Resources */ = {
			isa = PBXResourcesBuildPhase;
			buildActionMask = 2147483647;
			files = (
			);
			runOnlyForDeploymentPostprocessing = 0;
		};
/* End PBXResourcesBuildPhase section */

/* Begin PBXShellScriptBuildPhase section */
		241FE6EB09500C90DFD64743 /* [CP] Check Pods Manifest.lock */ = {
			isa = PBXShellScriptBuildPhase;
			buildActionMask = 2147483647;
			files = (
			);
			inputFileListPaths = (
			);
			inputPaths = (
				"${PODS_PODFILE_DIR_PATH}/Podfile.lock",
				"${PODS_ROOT}/Manifest.lock",
			);
			name = "[CP] Check Pods Manifest.lock";
			outputFileListPaths = (
			);
			outputPaths = (
				"$(DERIVED_FILE_DIR)/Pods-mpfree-checkManifestLockResult.txt",
			);
			runOnlyForDeploymentPostprocessing = 0;
			shellPath = /bin/sh;
			shellScript = "diff \"${PODS_PODFILE_DIR_PATH}/Podfile.lock\" \"${PODS_ROOT}/Manifest.lock\" > /dev/null\nif [ $? != 0 ] ; then\n    # print error to STDERR\n    echo \"error: The sandbox is not in sync with the Podfile.lock. Run 'pod install' or update your CocoaPods installation.\" >&2\n    exit 1\nfi\n# This output is used by Xcode 'outputs' to avoid re-running this script phase.\necho \"SUCCESS\" > \"${SCRIPT_OUTPUT_FILE_0}\"\n";
			showEnvVarsInLog = 0;
		};
/* End PBXShellScriptBuildPhase section */

/* Begin PBXSourcesBuildPhase section */
		4A2AF5C823889BC3000A7EB6 /* Sources */ = {
			isa = PBXSourcesBuildPhase;
			buildActionMask = 2147483647;
			files = (
				4AB9473D2399A76400A5872A /* ITParsePlaylistFolder.swift in Sources */,
				4AB9473B2399A72800A5872A /* ITParsePlaylist.swift in Sources */,
				4AC296A024098B5800C928E2 /* Preferences.swift in Sources */,
				4AC296A624098F7B00C928E2 /* GeneralPreferenceViewController.swift in Sources */,
				4A2AF5D223889BC3000A7EB6 /* PlaylistTableViewController.swift in Sources */,
				4AB9473923971B9200A5872A /* WindowController.swift in Sources */,
				4A867BA423CA211C005D88BA /* CheckboxCellView.swift in Sources */,
				4A2AF5D023889BC3000A7EB6 /* AppDelegate.swift in Sources */,
				4AC296A424098F4500C928E2 /* ExportingPreferenceViewController.swift in Sources */,
				4AD0F1322388AF1200F9CB75 /* ITParse.swift in Sources */,
			);
			runOnlyForDeploymentPostprocessing = 0;
		};
		4A2AF5DA23889BC4000A7EB6 /* Sources */ = {
			isa = PBXSourcesBuildPhase;
			buildActionMask = 2147483647;
			files = (
				4A2AF5E323889BC4000A7EB6 /* mpfreeTests.swift in Sources */,
			);
			runOnlyForDeploymentPostprocessing = 0;
		};
		4A2AF5E523889BC4000A7EB6 /* Sources */ = {
			isa = PBXSourcesBuildPhase;
			buildActionMask = 2147483647;
			files = (
				4A2AF5EE23889BC4000A7EB6 /* mpfreeUITests.swift in Sources */,
			);
			runOnlyForDeploymentPostprocessing = 0;
		};
/* End PBXSourcesBuildPhase section */

/* Begin PBXTargetDependency section */
		4A2AF5E023889BC4000A7EB6 /* PBXTargetDependency */ = {
			isa = PBXTargetDependency;
			target = 4A2AF5CB23889BC3000A7EB6 /* mpfree */;
			targetProxy = 4A2AF5DF23889BC4000A7EB6 /* PBXContainerItemProxy */;
		};
		4A2AF5EB23889BC4000A7EB6 /* PBXTargetDependency */ = {
			isa = PBXTargetDependency;
			target = 4A2AF5CB23889BC3000A7EB6 /* mpfree */;
			targetProxy = 4A2AF5EA23889BC4000A7EB6 /* PBXContainerItemProxy */;
		};
/* End PBXTargetDependency section */

/* Begin PBXVariantGroup section */
		4A2AF5D523889BC4000A7EB6 /* Main.storyboard */ = {
			isa = PBXVariantGroup;
			children = (
				4A2AF5D623889BC4000A7EB6 /* Base */,
			);
			name = Main.storyboard;
			sourceTree = "<group>";
		};
/* End PBXVariantGroup section */

/* Begin XCBuildConfiguration section */
		4A2AF5F023889BC4000A7EB6 /* Debug */ = {
			isa = XCBuildConfiguration;
			buildSettings = {
				ALWAYS_SEARCH_USER_PATHS = NO;
				CLANG_ANALYZER_NONNULL = YES;
				CLANG_ANALYZER_NUMBER_OBJECT_CONVERSION = YES_AGGRESSIVE;
				CLANG_CXX_LANGUAGE_STANDARD = "gnu++14";
				CLANG_CXX_LIBRARY = "libc++";
				CLANG_ENABLE_MODULES = YES;
				CLANG_ENABLE_OBJC_ARC = YES;
				CLANG_ENABLE_OBJC_WEAK = YES;
				CLANG_WARN_BLOCK_CAPTURE_AUTORELEASING = YES;
				CLANG_WARN_BOOL_CONVERSION = YES;
				CLANG_WARN_COMMA = YES;
				CLANG_WARN_CONSTANT_CONVERSION = YES;
				CLANG_WARN_DEPRECATED_OBJC_IMPLEMENTATIONS = YES;
				CLANG_WARN_DIRECT_OBJC_ISA_USAGE = YES_ERROR;
				CLANG_WARN_DOCUMENTATION_COMMENTS = YES;
				CLANG_WARN_EMPTY_BODY = YES;
				CLANG_WARN_ENUM_CONVERSION = YES;
				CLANG_WARN_INFINITE_RECURSION = YES;
				CLANG_WARN_INT_CONVERSION = YES;
				CLANG_WARN_NON_LITERAL_NULL_CONVERSION = YES;
				CLANG_WARN_OBJC_IMPLICIT_RETAIN_SELF = YES;
				CLANG_WARN_OBJC_LITERAL_CONVERSION = YES;
				CLANG_WARN_OBJC_ROOT_CLASS = YES_ERROR;
				CLANG_WARN_RANGE_LOOP_ANALYSIS = YES;
				CLANG_WARN_STRICT_PROTOTYPES = YES;
				CLANG_WARN_SUSPICIOUS_MOVE = YES;
				CLANG_WARN_UNGUARDED_AVAILABILITY = YES_AGGRESSIVE;
				CLANG_WARN_UNREACHABLE_CODE = YES;
				CLANG_WARN__DUPLICATE_METHOD_MATCH = YES;
				COPY_PHASE_STRIP = NO;
				DEBUG_INFORMATION_FORMAT = dwarf;
				ENABLE_STRICT_OBJC_MSGSEND = YES;
				ENABLE_TESTABILITY = YES;
				GCC_C_LANGUAGE_STANDARD = gnu11;
				GCC_DYNAMIC_NO_PIC = NO;
				GCC_NO_COMMON_BLOCKS = YES;
				GCC_OPTIMIZATION_LEVEL = 0;
				GCC_PREPROCESSOR_DEFINITIONS = (
					"DEBUG=1",
					"$(inherited)",
				);
				GCC_WARN_64_TO_32_BIT_CONVERSION = YES;
				GCC_WARN_ABOUT_RETURN_TYPE = YES_ERROR;
				GCC_WARN_UNDECLARED_SELECTOR = YES;
				GCC_WARN_UNINITIALIZED_AUTOS = YES_AGGRESSIVE;
				GCC_WARN_UNUSED_FUNCTION = YES;
				GCC_WARN_UNUSED_VARIABLE = YES;
				MACOSX_DEPLOYMENT_TARGET = 10.14;
				MTL_ENABLE_DEBUG_INFO = INCLUDE_SOURCE;
				MTL_FAST_MATH = YES;
				ONLY_ACTIVE_ARCH = YES;
				SDKROOT = macosx;
				SWIFT_ACTIVE_COMPILATION_CONDITIONS = DEBUG;
				SWIFT_OPTIMIZATION_LEVEL = "-Onone";
			};
			name = Debug;
		};
		4A2AF5F123889BC4000A7EB6 /* Release */ = {
			isa = XCBuildConfiguration;
			buildSettings = {
				ALWAYS_SEARCH_USER_PATHS = NO;
				CLANG_ANALYZER_NONNULL = YES;
				CLANG_ANALYZER_NUMBER_OBJECT_CONVERSION = YES_AGGRESSIVE;
				CLANG_CXX_LANGUAGE_STANDARD = "gnu++14";
				CLANG_CXX_LIBRARY = "libc++";
				CLANG_ENABLE_MODULES = YES;
				CLANG_ENABLE_OBJC_ARC = YES;
				CLANG_ENABLE_OBJC_WEAK = YES;
				CLANG_WARN_BLOCK_CAPTURE_AUTORELEASING = YES;
				CLANG_WARN_BOOL_CONVERSION = YES;
				CLANG_WARN_COMMA = YES;
				CLANG_WARN_CONSTANT_CONVERSION = YES;
				CLANG_WARN_DEPRECATED_OBJC_IMPLEMENTATIONS = YES;
				CLANG_WARN_DIRECT_OBJC_ISA_USAGE = YES_ERROR;
				CLANG_WARN_DOCUMENTATION_COMMENTS = YES;
				CLANG_WARN_EMPTY_BODY = YES;
				CLANG_WARN_ENUM_CONVERSION = YES;
				CLANG_WARN_INFINITE_RECURSION = YES;
				CLANG_WARN_INT_CONVERSION = YES;
				CLANG_WARN_NON_LITERAL_NULL_CONVERSION = YES;
				CLANG_WARN_OBJC_IMPLICIT_RETAIN_SELF = YES;
				CLANG_WARN_OBJC_LITERAL_CONVERSION = YES;
				CLANG_WARN_OBJC_ROOT_CLASS = YES_ERROR;
				CLANG_WARN_RANGE_LOOP_ANALYSIS = YES;
				CLANG_WARN_STRICT_PROTOTYPES = YES;
				CLANG_WARN_SUSPICIOUS_MOVE = YES;
				CLANG_WARN_UNGUARDED_AVAILABILITY = YES_AGGRESSIVE;
				CLANG_WARN_UNREACHABLE_CODE = YES;
				CLANG_WARN__DUPLICATE_METHOD_MATCH = YES;
				COPY_PHASE_STRIP = NO;
				DEBUG_INFORMATION_FORMAT = "dwarf-with-dsym";
				ENABLE_NS_ASSERTIONS = NO;
				ENABLE_STRICT_OBJC_MSGSEND = YES;
				GCC_C_LANGUAGE_STANDARD = gnu11;
				GCC_NO_COMMON_BLOCKS = YES;
				GCC_WARN_64_TO_32_BIT_CONVERSION = YES;
				GCC_WARN_ABOUT_RETURN_TYPE = YES_ERROR;
				GCC_WARN_UNDECLARED_SELECTOR = YES;
				GCC_WARN_UNINITIALIZED_AUTOS = YES_AGGRESSIVE;
				GCC_WARN_UNUSED_FUNCTION = YES;
				GCC_WARN_UNUSED_VARIABLE = YES;
				MACOSX_DEPLOYMENT_TARGET = 10.14;
				MTL_ENABLE_DEBUG_INFO = NO;
				MTL_FAST_MATH = YES;
				SDKROOT = macosx;
				SWIFT_COMPILATION_MODE = wholemodule;
				SWIFT_OPTIMIZATION_LEVEL = "-O";
			};
			name = Release;
		};
		4A2AF5F323889BC4000A7EB6 /* Debug */ = {
			isa = XCBuildConfiguration;
			baseConfigurationReference = D021FF900F60AB01E2ED8AA6 /* Pods-mpfree.debug.xcconfig */;
			buildSettings = {
				ASSETCATALOG_COMPILER_APPICON_NAME = AppIcon;
				CODE_SIGN_ENTITLEMENTS = mpfree/mpfree.entitlements;
				CODE_SIGN_IDENTITY = "Apple Development";
				CODE_SIGN_STYLE = Automatic;
				COMBINE_HIDPI_IMAGES = YES;
				DEVELOPMENT_TEAM = DJ3V8B9KZV;
				INFOPLIST_FILE = mpfree/Info.plist;
				LD_RUNPATH_SEARCH_PATHS = (
					"$(inherited)",
					"@executable_path/../Frameworks",
				);
				PRODUCT_BUNDLE_IDENTIFIER = xyz.clegg.dev.mpfree;
				PRODUCT_NAME = "$(TARGET_NAME)";
				SWIFT_VERSION = 5.0;
			};
			name = Debug;
		};
		4A2AF5F423889BC4000A7EB6 /* Release */ = {
			isa = XCBuildConfiguration;
			baseConfigurationReference = 81357C5FAA8E4B60B0C98E5A /* Pods-mpfree.release.xcconfig */;
			buildSettings = {
				ASSETCATALOG_COMPILER_APPICON_NAME = AppIcon;
				CODE_SIGN_ENTITLEMENTS = mpfree/mpfree.entitlements;
				CODE_SIGN_IDENTITY = "Apple Development";
				CODE_SIGN_STYLE = Automatic;
				COMBINE_HIDPI_IMAGES = YES;
				DEVELOPMENT_TEAM = DJ3V8B9KZV;
				INFOPLIST_FILE = mpfree/Info.plist;
				LD_RUNPATH_SEARCH_PATHS = (
					"$(inherited)",
					"@executable_path/../Frameworks",
				);
				PRODUCT_BUNDLE_IDENTIFIER = xyz.clegg.dev.mpfree;
				PRODUCT_NAME = "$(TARGET_NAME)";
				SWIFT_VERSION = 5.0;
			};
			name = Release;
		};
		4A2AF5F623889BC4000A7EB6 /* Debug */ = {
			isa = XCBuildConfiguration;
			buildSettings = {
				ALWAYS_EMBED_SWIFT_STANDARD_LIBRARIES = YES;
				BUNDLE_LOADER = "$(TEST_HOST)";
				CODE_SIGN_STYLE = Automatic;
				COMBINE_HIDPI_IMAGES = YES;
				INFOPLIST_FILE = mpfreeTests/Info.plist;
				LD_RUNPATH_SEARCH_PATHS = (
					"$(inherited)",
					"@executable_path/../Frameworks",
					"@loader_path/../Frameworks",
				);
				MACOSX_DEPLOYMENT_TARGET = 10.14;
				PRODUCT_BUNDLE_IDENTIFIER = xyz.clegg.dev.mpfreeTests;
				PRODUCT_NAME = "$(TARGET_NAME)";
				SWIFT_VERSION = 5.0;
				TEST_HOST = "$(BUILT_PRODUCTS_DIR)/mpfree.app/Contents/MacOS/mpfree";
			};
			name = Debug;
		};
		4A2AF5F723889BC4000A7EB6 /* Release */ = {
			isa = XCBuildConfiguration;
			buildSettings = {
				ALWAYS_EMBED_SWIFT_STANDARD_LIBRARIES = YES;
				BUNDLE_LOADER = "$(TEST_HOST)";
				CODE_SIGN_STYLE = Automatic;
				COMBINE_HIDPI_IMAGES = YES;
				INFOPLIST_FILE = mpfreeTests/Info.plist;
				LD_RUNPATH_SEARCH_PATHS = (
					"$(inherited)",
					"@executable_path/../Frameworks",
					"@loader_path/../Frameworks",
				);
				MACOSX_DEPLOYMENT_TARGET = 10.14;
				PRODUCT_BUNDLE_IDENTIFIER = xyz.clegg.dev.mpfreeTests;
				PRODUCT_NAME = "$(TARGET_NAME)";
				SWIFT_VERSION = 5.0;
				TEST_HOST = "$(BUILT_PRODUCTS_DIR)/mpfree.app/Contents/MacOS/mpfree";
			};
			name = Release;
		};
		4A2AF5F923889BC4000A7EB6 /* Debug */ = {
			isa = XCBuildConfiguration;
			buildSettings = {
				ALWAYS_EMBED_SWIFT_STANDARD_LIBRARIES = YES;
				CODE_SIGN_STYLE = Automatic;
				COMBINE_HIDPI_IMAGES = YES;
				INFOPLIST_FILE = mpfreeUITests/Info.plist;
				LD_RUNPATH_SEARCH_PATHS = (
					"$(inherited)",
					"@executable_path/../Frameworks",
					"@loader_path/../Frameworks",
				);
				PRODUCT_BUNDLE_IDENTIFIER = xyz.clegg.dev.mpfreeUITests;
				PRODUCT_NAME = "$(TARGET_NAME)";
				SWIFT_VERSION = 5.0;
				TEST_TARGET_NAME = mpfree;
			};
			name = Debug;
		};
		4A2AF5FA23889BC4000A7EB6 /* Release */ = {
			isa = XCBuildConfiguration;
			buildSettings = {
				ALWAYS_EMBED_SWIFT_STANDARD_LIBRARIES = YES;
				CODE_SIGN_STYLE = Automatic;
				COMBINE_HIDPI_IMAGES = YES;
				INFOPLIST_FILE = mpfreeUITests/Info.plist;
				LD_RUNPATH_SEARCH_PATHS = (
					"$(inherited)",
					"@executable_path/../Frameworks",
					"@loader_path/../Frameworks",
				);
				PRODUCT_BUNDLE_IDENTIFIER = xyz.clegg.dev.mpfreeUITests;
				PRODUCT_NAME = "$(TARGET_NAME)";
				SWIFT_VERSION = 5.0;
				TEST_TARGET_NAME = mpfree;
			};
			name = Release;
		};
/* End XCBuildConfiguration section */

/* Begin XCConfigurationList section */
		4A2AF5C723889BC3000A7EB6 /* Build configuration list for PBXProject "mpfree" */ = {
			isa = XCConfigurationList;
			buildConfigurations = (
				4A2AF5F023889BC4000A7EB6 /* Debug */,
				4A2AF5F123889BC4000A7EB6 /* Release */,
			);
			defaultConfigurationIsVisible = 0;
			defaultConfigurationName = Release;
		};
		4A2AF5F223889BC4000A7EB6 /* Build configuration list for PBXNativeTarget "mpfree" */ = {
			isa = XCConfigurationList;
			buildConfigurations = (
				4A2AF5F323889BC4000A7EB6 /* Debug */,
				4A2AF5F423889BC4000A7EB6 /* Release */,
			);
			defaultConfigurationIsVisible = 0;
			defaultConfigurationName = Release;
		};
		4A2AF5F523889BC4000A7EB6 /* Build configuration list for PBXNativeTarget "mpfreeTests" */ = {
			isa = XCConfigurationList;
			buildConfigurations = (
				4A2AF5F623889BC4000A7EB6 /* Debug */,
				4A2AF5F723889BC4000A7EB6 /* Release */,
			);
			defaultConfigurationIsVisible = 0;
			defaultConfigurationName = Release;
		};
		4A2AF5F823889BC4000A7EB6 /* Build configuration list for PBXNativeTarget "mpfreeUITests" */ = {
			isa = XCConfigurationList;
			buildConfigurations = (
				4A2AF5F923889BC4000A7EB6 /* Debug */,
				4A2AF5FA23889BC4000A7EB6 /* Release */,
			);
			defaultConfigurationIsVisible = 0;
			defaultConfigurationName = Release;
		};
/* End XCConfigurationList section */
	};
	rootObject = 4A2AF5C423889BC3000A7EB6 /* Project object */;
}
